
Microsoft Visual Studio Solution File, Format Version 12.00
# Visual Studio Version 17
VisualStudioVersion = 17.0.31903.59
MinimumVisualStudioVersion = 10.0.40219.1
Project("{FAE04EC0-301F-11D3-BF4B-00C04F79EFBC}") = "ADOSampleExample", "ADOSampleExample\ADOSampleExample.csproj", "{4EE4E617-60C0-4480-8A67-6A87BBEE1EA7}"
EndProject
Global
	GlobalSection(SolutionConfigurationPlatforms) = preSolution
		Debug|Any CPU = Debug|Any CPU
		Release|Any CPU = Release|Any CPU
	EndGlobalSection
	GlobalSection(ProjectConfigurationPlatforms) = postSolution
		{4EE4E617-60C0-4480-8A67-6A87BBEE1EA7}.Debug|Any CPU.ActiveCfg = Debug|Any CPU
		{4EE4E617-60C0-4480-8A67-6A87BBEE1EA7}.Debug|Any CPU.Build.0 = Debug|Any CPU
		{4EE4E617-60C0-4480-8A67-6A87BBEE1EA7}.Release|Any CPU.ActiveCfg = Release|Any CPU
		{4EE4E617-60C0-4480-8A67-6A87BBEE1EA7}.Release|Any CPU.Build.0 = Release|Any CPU
	EndGlobalSection
	GlobalSection(SolutionProperties) = preSolution
		HideSolutionNode = FALSE
	EndGlobalSection
	GlobalSection(ExtensibilityGlobals) = postSolution
		SolutionGuid = {489A0FA8-904A-49E2-BC72-D7F1F29116F5}
	EndGlobalSection
EndGlobal
