
Microsoft Visual Studio Solution File, Format Version 12.00
# Visual Studio Version 17
VisualStudioVersion = 17.0.31903.59
MinimumVisualStudioVersion = 10.0.40219.1
Project("{FAE04EC0-301F-11D3-BF4B-00C04F79EFBC}") = "enum", "enum\enum.csproj", "{AC4CEBB0-A49C-4FDC-AC34-5C54AB737B1E}"
EndProject
Global
	GlobalSection(SolutionConfigurationPlatforms) = preSolution
		Debug|Any CPU = Debug|Any CPU
		Release|Any CPU = Release|Any CPU
	EndGlobalSection
	GlobalSection(ProjectConfigurationPlatforms) = postSolution
		{AC4CEBB0-A49C-4FDC-AC34-5C54AB737B1E}.Debug|Any CPU.ActiveCfg = Debug|Any CPU
		{AC4CEBB0-A49C-4FDC-AC34-5C54AB737B1E}.Debug|Any CPU.Build.0 = Debug|Any CPU
		{AC4CEBB0-A49C-4FDC-AC34-5C54AB737B1E}.Release|Any CPU.ActiveCfg = Release|Any CPU
		{AC4CEBB0-A49C-4FDC-AC34-5C54AB737B1E}.Release|Any CPU.Build.0 = Release|Any CPU
	EndGlobalSection
	GlobalSection(SolutionProperties) = preSolution
		HideSolutionNode = FALSE
	EndGlobalSection
	GlobalSection(ExtensibilityGlobals) = postSolution
		SolutionGuid = {A74AAE4D-C580-4908-A249-A9431DB783F6}
	EndGlobalSection
EndGlobal
