
Microsoft Visual Studio Solution File, Format Version 12.00
# Visual Studio Version 17
VisualStudioVersion = 17.0.31903.59
MinimumVisualStudioVersion = 10.0.40219.1
Project("{FAE04EC0-301F-11D3-BF4B-00C04F79EFBC}") = "ListStudent", "ListStudent\ListStudent.csproj", "{31BD2367-8F5E-4DBA-A4FD-D0131FD3664D}"
EndProject
Global
	GlobalSection(SolutionConfigurationPlatforms) = preSolution
		Debug|Any CPU = Debug|Any CPU
		Release|Any CPU = Release|Any CPU
	EndGlobalSection
	GlobalSection(ProjectConfigurationPlatforms) = postSolution
		{31BD2367-8F5E-4DBA-A4FD-D0131FD3664D}.Debug|Any CPU.ActiveCfg = Debug|Any CPU
		{31BD2367-8F5E-4DBA-A4FD-D0131FD3664D}.Debug|Any CPU.Build.0 = Debug|Any CPU
		{31BD2367-8F5E-4DBA-A4FD-D0131FD3664D}.Release|Any CPU.ActiveCfg = Release|Any CPU
		{31BD2367-8F5E-4DBA-A4FD-D0131FD3664D}.Release|Any CPU.Build.0 = Release|Any CPU
	EndGlobalSection
	GlobalSection(SolutionProperties) = preSolution
		HideSolutionNode = FALSE
	EndGlobalSection
	GlobalSection(ExtensibilityGlobals) = postSolution
		SolutionGuid = {ED7DBFC9-6BCC-4C65-A005-7C5B23D46F39}
	EndGlobalSection
EndGlobal
