
Microsoft Visual Studio Solution File, Format Version 12.00
# Visual Studio Version 17
VisualStudioVersion = 17.0.31903.59
MinimumVisualStudioVersion = 10.0.40219.1
Project("{FAE04EC0-301F-11D3-BF4B-00C04F79EFBC}") = "MVCDemo", "MVCDemo\MVCDemo.csproj", "{2EC7FCBA-2273-420F-9AEA-120097CFDFF4}"
EndProject
Global
	GlobalSection(SolutionConfigurationPlatforms) = preSolution
		Debug|Any CPU = Debug|Any CPU
		Release|Any CPU = Release|Any CPU
	EndGlobalSection
	GlobalSection(ProjectConfigurationPlatforms) = postSolution
		{2EC7FCBA-2273-420F-9AEA-120097CFDFF4}.Debug|Any CPU.ActiveCfg = Debug|Any CPU
		{2EC7FCBA-2273-420F-9AEA-120097CFDFF4}.Debug|Any CPU.Build.0 = Debug|Any CPU
		{2EC7FCBA-2273-420F-9AEA-120097CFDFF4}.Release|Any CPU.ActiveCfg = Release|Any CPU
		{2EC7FCBA-2273-420F-9AEA-120097CFDFF4}.Release|Any CPU.Build.0 = Release|Any CPU
	EndGlobalSection
	GlobalSection(SolutionProperties) = preSolution
		HideSolutionNode = FALSE
	EndGlobalSection
	GlobalSection(ExtensibilityGlobals) = postSolution
		SolutionGuid = {B46E9B36-9E7E-4BFD-A77B-32D7FFD2CA1D}
	EndGlobalSection
EndGlobal
