
Microsoft Visual Studio Solution File, Format Version 12.00
# Visual Studio Version 17
VisualStudioVersion = 17.0.31903.59
MinimumVisualStudioVersion = 10.0.40219.1
Project("{FAE04EC0-301F-11D3-BF4B-00C04F79EFBC}") = "TemperatureCalculator", "TemperatureCalculator\TemperatureCalculator.csproj", "{B51CF480-DD35-4344-9D99-B963BA5E8AE3}"
EndProject
Global
	GlobalSection(SolutionConfigurationPlatforms) = preSolution
		Debug|Any CPU = Debug|Any CPU
		Release|Any CPU = Release|Any CPU
	EndGlobalSection
	GlobalSection(ProjectConfigurationPlatforms) = postSolution
		{B51CF480-DD35-4344-9D99-B963BA5E8AE3}.Debug|Any CPU.ActiveCfg = Debug|Any CPU
		{B51CF480-DD35-4344-9D99-B963BA5E8AE3}.Debug|Any CPU.Build.0 = Debug|Any CPU
		{B51CF480-DD35-4344-9D99-B963BA5E8AE3}.Release|Any CPU.ActiveCfg = Release|Any CPU
		{B51CF480-DD35-4344-9D99-B963BA5E8AE3}.Release|Any CPU.Build.0 = Release|Any CPU
	EndGlobalSection
	GlobalSection(SolutionProperties) = preSolution
		HideSolutionNode = FALSE
	EndGlobalSection
	GlobalSection(ExtensibilityGlobals) = postSolution
		SolutionGuid = {6551B947-E31D-4650-9C13-7A40B3983A7A}
	EndGlobalSection
EndGlobal
