
Microsoft Visual Studio Solution File, Format Version 12.00
# Visual Studio Version 17
VisualStudioVersion = 17.0.31903.59
MinimumVisualStudioVersion = 10.0.40219.1
Project("{FAE04EC0-301F-11D3-BF4B-00C04F79EFBC}") = "EmpDetails", "EmpDetails\EmpDetails.csproj", "{9DCE932B-3CE9-49A3-A3D9-619CB79228CF}"
EndProject
Global
	GlobalSection(SolutionConfigurationPlatforms) = preSolution
		Debug|Any CPU = Debug|Any CPU
		Release|Any CPU = Release|Any CPU
	EndGlobalSection
	GlobalSection(ProjectConfigurationPlatforms) = postSolution
		{9DCE932B-3CE9-49A3-A3D9-619CB79228CF}.Debug|Any CPU.ActiveCfg = Debug|Any CPU
		{9DCE932B-3CE9-49A3-A3D9-619CB79228CF}.Debug|Any CPU.Build.0 = Debug|Any CPU
		{9DCE932B-3CE9-49A3-A3D9-619CB79228CF}.Release|Any CPU.ActiveCfg = Release|Any CPU
		{9DCE932B-3CE9-49A3-A3D9-619CB79228CF}.Release|Any CPU.Build.0 = Release|Any CPU
	EndGlobalSection
	GlobalSection(SolutionProperties) = preSolution
		HideSolutionNode = FALSE
	EndGlobalSection
	GlobalSection(ExtensibilityGlobals) = postSolution
		SolutionGuid = {0B700903-85A6-4531-9C45-EA13F00F50EE}
	EndGlobalSection
EndGlobal
