
Microsoft Visual Studio Solution File, Format Version 12.00
# Visual Studio Version 17
VisualStudioVersion = 17.0.31903.59
MinimumVisualStudioVersion = 10.0.40219.1
Project("{FAE04EC0-301F-11D3-BF4B-00C04F79EFBC}") = "emp", "emp\emp.csproj", "{72BA382C-8628-47B1-8ED7-057431D56890}"
EndProject
Global
	GlobalSection(SolutionConfigurationPlatforms) = preSolution
		Debug|Any CPU = Debug|Any CPU
		Release|Any CPU = Release|Any CPU
	EndGlobalSection
	GlobalSection(ProjectConfigurationPlatforms) = postSolution
		{72BA382C-8628-47B1-8ED7-057431D56890}.Debug|Any CPU.ActiveCfg = Debug|Any CPU
		{72BA382C-8628-47B1-8ED7-057431D56890}.Debug|Any CPU.Build.0 = Debug|Any CPU
		{72BA382C-8628-47B1-8ED7-057431D56890}.Release|Any CPU.ActiveCfg = Release|Any CPU
		{72BA382C-8628-47B1-8ED7-057431D56890}.Release|Any CPU.Build.0 = Release|Any CPU
	EndGlobalSection
	GlobalSection(SolutionProperties) = preSolution
		HideSolutionNode = FALSE
	EndGlobalSection
	GlobalSection(ExtensibilityGlobals) = postSolution
		SolutionGuid = {3A32E2CF-C896-4337-A8FF-C077A44E1C3C}
	EndGlobalSection
EndGlobal
